
Microsoft Visual Studio Solution File, Format Version 12.00
# Visual Studio Version 17
VisualStudioVersion = 17.14.36414.22
MinimumVisualStudioVersion = 10.0.40219.1
Project("{2150E333-8FDC-42A3-9474-1A3956D46DE8}") = "cli", "cli", "{02EA681E-C7D8-13C7-8484-4AC65E1B71E8}"
EndProject
Project("{FAE04EC0-301F-11D3-BF4B-00C04F79EFBC}") = "AspireCraft.CLI", "packages\cli\AspireCraft.CLI\AspireCraft.CLI.csproj", "{114148D6-CA16-482D-9C8E-E9D8538060CE}"
EndProject
Project("{2150E333-8FDC-42A3-9474-1A3956D46DE8}") = "core", "core", "{570491E3-CFEC-4B4E-B2AF-6AAF250BD06B}"
EndProject
Project("{2150E333-8FDC-42A3-9474-1A3956D46DE8}") = "api", "api", "{B3D590C5-F663-421B-96F6-EE99CAEBD043}"
EndProject
Project("{2150E333-8FDC-42A3-9474-1A3956D46DE8}") = "auth", "auth", "{9B2FD6E2-30E1-4EC3-BB0E-F0D2C242300F}"
EndProject
Project("{2150E333-8FDC-42A3-9474-1A3956D46DE8}") = "database", "database", "{37CBF0E4-14F1-4C03-A600-C6850E489959}"
EndProject
Project("{2150E333-8FDC-42A3-9474-1A3956D46DE8}") = "mailer", "mailer", "{DCCCFA28-3650-490E-865E-7C4D85505D04}"
EndProject
Project("{2150E333-8FDC-42A3-9474-1A3956D46DE8}") = "payments", "payments", "{BE58EF52-2734-47E3-891E-E32CC042AA55}"
EndProject
Project("{2150E333-8FDC-42A3-9474-1A3956D46DE8}") = "storage", "storage", "{2B12D637-BA26-4735-96BD-28878F1FA264}"
EndProject
Project("{2150E333-8FDC-42A3-9474-1A3956D46DE8}") = "smtp", "smtp", "{649F7C7D-BC7E-4122-BFAC-86CAFC2CACB0}"
EndProject
Project("{2150E333-8FDC-42A3-9474-1A3956D46DE8}") = "providers", "providers", "{28E28683-4213-4906-92FC-E192FB0D0DAA}"
EndProject
Project("{2150E333-8FDC-42A3-9474-1A3956D46DE8}") = "paypal", "paypal", "{5289ECC8-13E2-4162-B0B0-A1C0582950E5}"
EndProject
Project("{2150E333-8FDC-42A3-9474-1A3956D46DE8}") = "stripe", "stripe", "{CC743029-4172-4B9A-B3C8-1CBA794A5EA4}"
EndProject
Project("{2150E333-8FDC-42A3-9474-1A3956D46DE8}") = "azure-blob", "azure-blob", "{DAD17F4C-DB24-4B4C-9686-722FBA6CE7B7}"
EndProject
Project("{2150E333-8FDC-42A3-9474-1A3956D46DE8}") = "aws-s3", "aws-s3", "{1B635726-5048-4ED4-953F-639ED49B624D}"
EndProject
Project("{2150E333-8FDC-42A3-9474-1A3956D46DE8}") = "postgres", "postgres", "{53343D69-EC75-4D69-93EA-362972DD3CF7}"
EndProject
Project("{2150E333-8FDC-42A3-9474-1A3956D46DE8}") = "sql-server", "sql-server", "{4FA668C9-3DA5-48F2-AC7F-880B7A08450A}"
EndProject
Project("{2150E333-8FDC-42A3-9474-1A3956D46DE8}") = "mysql", "mysql", "{1F19702A-A336-4963-8DCE-DB220E965812}"
EndProject
Project("{2150E333-8FDC-42A3-9474-1A3956D46DE8}") = "templates", "templates", "{0F36E162-3BA3-4A3E-82CA-DCF1669D3E5E}"
EndProject
Project("{2150E333-8FDC-42A3-9474-1A3956D46DE8}") = "clean-architecture", "clean-architecture", "{2B856767-0BA9-411E-AE58-E7CBE4DACA0C}"
EndProject
Project("{2150E333-8FDC-42A3-9474-1A3956D46DE8}") = "src", "src", "{52646F83-E06A-4A53-ACAB-267C38F84B4C}"
EndProject
Project("{2150E333-8FDC-42A3-9474-1A3956D46DE8}") = "tests", "tests", "{BB7F4697-8B42-4CBD-9224-975211391FE9}"
EndProject
Project("{2150E333-8FDC-42A3-9474-1A3956D46DE8}") = "dashboard", "dashboard", "{7A8F7F33-3A58-43E3-926D-29ADDE5919C4}"
EndProject
Project("{FAE04EC0-301F-11D3-BF4B-00C04F79EFBC}") = "AspireCraft.Backend.API", "packages\templates\clean-architecture\src\AspireCraft.Backend.API\AspireCraft.Backend.API.csproj", "{BA313372-6803-4453-89C0-570A1F6C675D}"
EndProject
Project("{FAE04EC0-301F-11D3-BF4B-00C04F79EFBC}") = "AspireCraft.Backend.Application", "packages\templates\clean-architecture\src\AspireCraft.Backend.Application\AspireCraft.Backend.Application.csproj", "{C4ABFCE4-0BD0-4CEF-8626-48420DD22115}"
EndProject
Project("{FAE04EC0-301F-11D3-BF4B-00C04F79EFBC}") = "AspireCraft.Backend.Infrastructure", "packages\templates\clean-architecture\src\AspireCraft.Backend.Infrastructure\AspireCraft.Backend.Infrastructure.csproj", "{94F6CF7B-D47A-4627-B6ED-8CCE4E278F44}"
EndProject
Project("{FAE04EC0-301F-11D3-BF4B-00C04F79EFBC}") = "AspireCraft.Backend.Domain", "packages\templates\clean-architecture\src\AspireCraft.Backend.Domain\AspireCraft.Backend.Domain.csproj", "{CC5B3F8D-1074-42D1-B3CD-B2F66322E66A}"
EndProject
Project("{FAE04EC0-301F-11D3-BF4B-00C04F79EFBC}") = "AspireCraft.Backend.UnitTests", "packages\templates\clean-architecture\tests\AspireCraft.Backend.UnitTests\AspireCraft.Backend.UnitTests.csproj", "{EA33852D-A8E6-4883-89FB-17BD7C93A41C}"
EndProject
Project("{FAE04EC0-301F-11D3-BF4B-00C04F79EFBC}") = "AspireCraft.Backend.IntegrationTests", "packages\templates\clean-architecture\tests\AspireCraft.Backend.IntegrationTests\AspireCraft.Backend.IntegrationTests.csproj", "{97EF398F-732C-43AB-86A7-5DB6DE199315}"
EndProject
Project("{FAE04EC0-301F-11D3-BF4B-00C04F79EFBC}") = "AspireCraft.AppHost", "packages\templates\clean-architecture\dashboard\AspireCraft.AppHost\AspireCraft.AppHost.csproj", "{1B568AE1-7CEF-4DD9-B066-A202A9F391C5}"
EndProject
Project("{FAE04EC0-301F-11D3-BF4B-00C04F79EFBC}") = "AspireCraft.ServiceDefaults", "packages\templates\clean-architecture\dashboard\AspireCraft.ServiceDefaults\AspireCraft.ServiceDefaults.csproj", "{42486B93-F4B6-4D5F-ACDF-77722C57C9B6}"
EndProject
Project("{FAE04EC0-301F-11D3-BF4B-00C04F79EFBC}") = "AspireCraft.Backend.ArchitectureTests", "packages\templates\clean-architecture\tests\AspireCraft.Backend.ArchitectureTests\AspireCraft.Backend.ArchitectureTests.csproj", "{62BEAFD9-EE7E-44E9-8F00-F3CD05C66776}"
EndProject
Global
	GlobalSection(SolutionConfigurationPlatforms) = preSolution
		Debug|Any CPU = Debug|Any CPU
		Release|Any CPU = Release|Any CPU
	EndGlobalSection
	GlobalSection(ProjectConfigurationPlatforms) = postSolution
		{114148D6-CA16-482D-9C8E-E9D8538060CE}.Debug|Any CPU.ActiveCfg = Debug|Any CPU
		{114148D6-CA16-482D-9C8E-E9D8538060CE}.Debug|Any CPU.Build.0 = Debug|Any CPU
		{114148D6-CA16-482D-9C8E-E9D8538060CE}.Release|Any CPU.ActiveCfg = Release|Any CPU
		{114148D6-CA16-482D-9C8E-E9D8538060CE}.Release|Any CPU.Build.0 = Release|Any CPU
		{BA313372-6803-4453-89C0-570A1F6C675D}.Debug|Any CPU.ActiveCfg = Debug|Any CPU
		{BA313372-6803-4453-89C0-570A1F6C675D}.Debug|Any CPU.Build.0 = Debug|Any CPU
		{BA313372-6803-4453-89C0-570A1F6C675D}.Release|Any CPU.ActiveCfg = Release|Any CPU
		{BA313372-6803-4453-89C0-570A1F6C675D}.Release|Any CPU.Build.0 = Release|Any CPU
		{C4ABFCE4-0BD0-4CEF-8626-48420DD22115}.Debug|Any CPU.ActiveCfg = Debug|Any CPU
		{C4ABFCE4-0BD0-4CEF-8626-48420DD22115}.Debug|Any CPU.Build.0 = Debug|Any CPU
		{C4ABFCE4-0BD0-4CEF-8626-48420DD22115}.Release|Any CPU.ActiveCfg = Release|Any CPU
		{C4ABFCE4-0BD0-4CEF-8626-48420DD22115}.Release|Any CPU.Build.0 = Release|Any CPU
		{94F6CF7B-D47A-4627-B6ED-8CCE4E278F44}.Debug|Any CPU.ActiveCfg = Debug|Any CPU
		{94F6CF7B-D47A-4627-B6ED-8CCE4E278F44}.Debug|Any CPU.Build.0 = Debug|Any CPU
		{94F6CF7B-D47A-4627-B6ED-8CCE4E278F44}.Release|Any CPU.ActiveCfg = Release|Any CPU
		{94F6CF7B-D47A-4627-B6ED-8CCE4E278F44}.Release|Any CPU.Build.0 = Release|Any CPU
		{CC5B3F8D-1074-42D1-B3CD-B2F66322E66A}.Debug|Any CPU.ActiveCfg = Debug|Any CPU
		{CC5B3F8D-1074-42D1-B3CD-B2F66322E66A}.Debug|Any CPU.Build.0 = Debug|Any CPU
		{CC5B3F8D-1074-42D1-B3CD-B2F66322E66A}.Release|Any CPU.ActiveCfg = Release|Any CPU
		{CC5B3F8D-1074-42D1-B3CD-B2F66322E66A}.Release|Any CPU.Build.0 = Release|Any CPU
		{EA33852D-A8E6-4883-89FB-17BD7C93A41C}.Debug|Any CPU.ActiveCfg = Debug|Any CPU
		{EA33852D-A8E6-4883-89FB-17BD7C93A41C}.Debug|Any CPU.Build.0 = Debug|Any CPU
		{EA33852D-A8E6-4883-89FB-17BD7C93A41C}.Release|Any CPU.ActiveCfg = Release|Any CPU
		{EA33852D-A8E6-4883-89FB-17BD7C93A41C}.Release|Any CPU.Build.0 = Release|Any CPU
		{97EF398F-732C-43AB-86A7-5DB6DE199315}.Debug|Any CPU.ActiveCfg = Debug|Any CPU
		{97EF398F-732C-43AB-86A7-5DB6DE199315}.Debug|Any CPU.Build.0 = Debug|Any CPU
		{97EF398F-732C-43AB-86A7-5DB6DE199315}.Release|Any CPU.ActiveCfg = Release|Any CPU
		{97EF398F-732C-43AB-86A7-5DB6DE199315}.Release|Any CPU.Build.0 = Release|Any CPU
		{1B568AE1-7CEF-4DD9-B066-A202A9F391C5}.Debug|Any CPU.ActiveCfg = Debug|Any CPU
		{1B568AE1-7CEF-4DD9-B066-A202A9F391C5}.Debug|Any CPU.Build.0 = Debug|Any CPU
		{1B568AE1-7CEF-4DD9-B066-A202A9F391C5}.Release|Any CPU.ActiveCfg = Release|Any CPU
		{1B568AE1-7CEF-4DD9-B066-A202A9F391C5}.Release|Any CPU.Build.0 = Release|Any CPU
		{42486B93-F4B6-4D5F-ACDF-77722C57C9B6}.Debug|Any CPU.ActiveCfg = Debug|Any CPU
		{42486B93-F4B6-4D5F-ACDF-77722C57C9B6}.Debug|Any CPU.Build.0 = Debug|Any CPU
		{42486B93-F4B6-4D5F-ACDF-77722C57C9B6}.Release|Any CPU.ActiveCfg = Release|Any CPU
		{42486B93-F4B6-4D5F-ACDF-77722C57C9B6}.Release|Any CPU.Build.0 = Release|Any CPU
		{62BEAFD9-EE7E-44E9-8F00-F3CD05C66776}.Debug|Any CPU.ActiveCfg = Debug|Any CPU
		{62BEAFD9-EE7E-44E9-8F00-F3CD05C66776}.Debug|Any CPU.Build.0 = Debug|Any CPU
		{62BEAFD9-EE7E-44E9-8F00-F3CD05C66776}.Release|Any CPU.ActiveCfg = Release|Any CPU
		{62BEAFD9-EE7E-44E9-8F00-F3CD05C66776}.Release|Any CPU.Build.0 = Release|Any CPU
	EndGlobalSection
	GlobalSection(SolutionProperties) = preSolution
		HideSolutionNode = FALSE
	EndGlobalSection
	GlobalSection(NestedProjects) = preSolution
		{114148D6-CA16-482D-9C8E-E9D8538060CE} = {02EA681E-C7D8-13C7-8484-4AC65E1B71E8}
		{B3D590C5-F663-421B-96F6-EE99CAEBD043} = {570491E3-CFEC-4B4E-B2AF-6AAF250BD06B}
		{9B2FD6E2-30E1-4EC3-BB0E-F0D2C242300F} = {570491E3-CFEC-4B4E-B2AF-6AAF250BD06B}
		{37CBF0E4-14F1-4C03-A600-C6850E489959} = {570491E3-CFEC-4B4E-B2AF-6AAF250BD06B}
		{DCCCFA28-3650-490E-865E-7C4D85505D04} = {570491E3-CFEC-4B4E-B2AF-6AAF250BD06B}
		{BE58EF52-2734-47E3-891E-E32CC042AA55} = {570491E3-CFEC-4B4E-B2AF-6AAF250BD06B}
		{2B12D637-BA26-4735-96BD-28878F1FA264} = {570491E3-CFEC-4B4E-B2AF-6AAF250BD06B}
		{649F7C7D-BC7E-4122-BFAC-86CAFC2CACB0} = {DCCCFA28-3650-490E-865E-7C4D85505D04}
		{28E28683-4213-4906-92FC-E192FB0D0DAA} = {DCCCFA28-3650-490E-865E-7C4D85505D04}
		{5289ECC8-13E2-4162-B0B0-A1C0582950E5} = {BE58EF52-2734-47E3-891E-E32CC042AA55}
		{CC743029-4172-4B9A-B3C8-1CBA794A5EA4} = {BE58EF52-2734-47E3-891E-E32CC042AA55}
		{DAD17F4C-DB24-4B4C-9686-722FBA6CE7B7} = {2B12D637-BA26-4735-96BD-28878F1FA264}
		{1B635726-5048-4ED4-953F-639ED49B624D} = {2B12D637-BA26-4735-96BD-28878F1FA264}
		{53343D69-EC75-4D69-93EA-362972DD3CF7} = {37CBF0E4-14F1-4C03-A600-C6850E489959}
		{4FA668C9-3DA5-48F2-AC7F-880B7A08450A} = {37CBF0E4-14F1-4C03-A600-C6850E489959}
		{1F19702A-A336-4963-8DCE-DB220E965812} = {37CBF0E4-14F1-4C03-A600-C6850E489959}
		{2B856767-0BA9-411E-AE58-E7CBE4DACA0C} = {0F36E162-3BA3-4A3E-82CA-DCF1669D3E5E}
		{52646F83-E06A-4A53-ACAB-267C38F84B4C} = {2B856767-0BA9-411E-AE58-E7CBE4DACA0C}
		{BB7F4697-8B42-4CBD-9224-975211391FE9} = {2B856767-0BA9-411E-AE58-E7CBE4DACA0C}
		{7A8F7F33-3A58-43E3-926D-29ADDE5919C4} = {2B856767-0BA9-411E-AE58-E7CBE4DACA0C}
		{BA313372-6803-4453-89C0-570A1F6C675D} = {52646F83-E06A-4A53-ACAB-267C38F84B4C}
		{C4ABFCE4-0BD0-4CEF-8626-48420DD22115} = {52646F83-E06A-4A53-ACAB-267C38F84B4C}
		{94F6CF7B-D47A-4627-B6ED-8CCE4E278F44} = {52646F83-E06A-4A53-ACAB-267C38F84B4C}
		{CC5B3F8D-1074-42D1-B3CD-B2F66322E66A} = {52646F83-E06A-4A53-ACAB-267C38F84B4C}
		{EA33852D-A8E6-4883-89FB-17BD7C93A41C} = {BB7F4697-8B42-4CBD-9224-975211391FE9}
		{97EF398F-732C-43AB-86A7-5DB6DE199315} = {BB7F4697-8B42-4CBD-9224-975211391FE9}
		{1B568AE1-7CEF-4DD9-B066-A202A9F391C5} = {7A8F7F33-3A58-43E3-926D-29ADDE5919C4}
		{42486B93-F4B6-4D5F-ACDF-77722C57C9B6} = {7A8F7F33-3A58-43E3-926D-29ADDE5919C4}
		{62BEAFD9-EE7E-44E9-8F00-F3CD05C66776} = {BB7F4697-8B42-4CBD-9224-975211391FE9}
	EndGlobalSection
	GlobalSection(ExtensibilityGlobals) = postSolution
		SolutionGuid = {B1377B83-65AE-40B6-91E3-277E6F317E82}
	EndGlobalSection
EndGlobal
